
Microsoft Visual Studio Solution File, Format Version 12.00
# Visual Studio Version 17
VisualStudioVersion = 17.4.33213.308
MinimumVisualStudioVersion = 10.0.40219.1
Project("{FAE04EC0-301F-11D3-BF4B-00C04F79EFBC}") = "InternationalAPI", "InternationalAPI\InternationalAPI.csproj", "{9565DD94-ABFB-4D9F-95FD-E643CDDF9B43}"
EndProject
Global
	GlobalSection(SolutionConfigurationPlatforms) = preSolution
		Debug|Any CPU = Debug|Any CPU
		Release|Any CPU = Release|Any CPU
	EndGlobalSection
	GlobalSection(ProjectConfigurationPlatforms) = postSolution
		{9565DD94-ABFB-4D9F-95FD-E643CDDF9B43}.Debug|Any CPU.ActiveCfg = Debug|Any CPU
		{9565DD94-ABFB-4D9F-95FD-E643CDDF9B43}.Debug|Any CPU.Build.0 = Debug|Any CPU
		{9565DD94-ABFB-4D9F-95FD-E643CDDF9B43}.Release|Any CPU.ActiveCfg = Release|Any CPU
		{9565DD94-ABFB-4D9F-95FD-E643CDDF9B43}.Release|Any CPU.Build.0 = Release|Any CPU
	EndGlobalSection
	GlobalSection(SolutionProperties) = preSolution
		HideSolutionNode = FALSE
	EndGlobalSection
	GlobalSection(ExtensibilityGlobals) = postSolution
		SolutionGuid = {687E5E64-CEBF-4381-814B-E3F769EEA787}
	EndGlobalSection
EndGlobal
