
Microsoft Visual Studio Solution File, Format Version 12.00
# Visual Studio Version 17
VisualStudioVersion = 17.4.33205.214
MinimumVisualStudioVersion = 10.0.40219.1
Project("{FAE04EC0-301F-11D3-BF4B-00C04F79EFBC}") = "APIVersionControl", "APIVersionControl\APIVersionControl.csproj", "{B30E6F8D-B550-4AE5-816D-6EA093D56923}"
EndProject
Global
	GlobalSection(SolutionConfigurationPlatforms) = preSolution
		Debug|Any CPU = Debug|Any CPU
		Release|Any CPU = Release|Any CPU
	EndGlobalSection
	GlobalSection(ProjectConfigurationPlatforms) = postSolution
		{B30E6F8D-B550-4AE5-816D-6EA093D56923}.Debug|Any CPU.ActiveCfg = Debug|Any CPU
		{B30E6F8D-B550-4AE5-816D-6EA093D56923}.Debug|Any CPU.Build.0 = Debug|Any CPU
		{B30E6F8D-B550-4AE5-816D-6EA093D56923}.Release|Any CPU.ActiveCfg = Release|Any CPU
		{B30E6F8D-B550-4AE5-816D-6EA093D56923}.Release|Any CPU.Build.0 = Release|Any CPU
	EndGlobalSection
	GlobalSection(SolutionProperties) = preSolution
		HideSolutionNode = FALSE
	EndGlobalSection
	GlobalSection(ExtensibilityGlobals) = postSolution
		SolutionGuid = {A5892784-1CC7-4FF6-8553-CC95C1F0A8F3}
	EndGlobalSection
EndGlobal
